// !$*UTF8*$!
{
	archiveVersion = 1;
	classes = {
	};
	objectVersion = 48;
	objects = {

/* Begin PBXBuildFile section */
		84D00A802040BC9D00069A85 /* AppDelegate.swift in Sources */ = {isa = PBXBuildFile; fileRef = 84D00A7F2040BC9D00069A85 /* AppDelegate.swift */; };
		84D00A822040BC9D00069A85 /* ViewController.swift in Sources */ = {isa = PBXBuildFile; fileRef = 84D00A812040BC9D00069A85 /* ViewController.swift */; };
		84D00A852040BC9D00069A85 /* Main.storyboard in Resources */ = {isa = PBXBuildFile; fileRef = 84D00A832040BC9D00069A85 /* Main.storyboard */; };
		84D00A872040BC9D00069A85 /* Assets.xcassets in Resources */ = {isa = PBXBuildFile; fileRef = 84D00A862040BC9D00069A85 /* Assets.xcassets */; };
		84D00A8A2040BC9D00069A85 /* LaunchScreen.storyboard in Resources */ = {isa = PBXBuildFile; fileRef = 84D00A882040BC9D00069A85 /* LaunchScreen.storyboard */; };
		84D00A932040CEAC00069A85 /* BorderButton.swift in Sources */ = {isa = PBXBuildFile; fileRef = 84D00A922040CEAC00069A85 /* BorderButton.swift */; };
/* End PBXBuildFile section */

/* Begin PBXFileReference section */
		84D00A7C2040BC9D00069A85 /* swooshbytamit.app */ = {isa = PBXFileReference; explicitFileType = wrapper.application; includeInIndex = 0; path = swooshbytamit.app; sourceTree = BUILT_PRODUCTS_DIR; };
		84D00A7F2040BC9D00069A85 /* AppDelegate.swift */ = {isa = PBXFileReference; lastKnownFileType = sourcecode.swift; path = AppDelegate.swift; sourceTree = "<group>"; };
		84D00A812040BC9D00069A85 /* ViewController.swift */ = {isa = PBXFileReference; lastKnownFileType = sourcecode.swift; path = ViewController.swift; sourceTree = "<group>"; };
		84D00A842040BC9D00069A85 /* Base */ = {isa = PBXFileReference; lastKnownFileType = file.storyboard; name = Base; path = Base.lproj/Main.storyboard; sourceTree = "<group>"; };
		84D00A862040BC9D00069A85 /* Assets.xcassets */ = {isa = PBXFileReference; lastKnownFileType = folder.assetcatalog; path = Assets.xcassets; sourceTree = "<group>"; };
		84D00A892040BC9D00069A85 /* Base */ = {isa = PBXFileReference; lastKnownFileType = file.storyboard; name = Base; path = Base.lproj/LaunchScreen.storyboard; sourceTree = "<group>"; };
		84D00A8B2040BC9D00069A85 /* Info.plist */ = {isa = PBXFileReference; lastKnownFileType = text.plist.xml; path = Info.plist; sourceTree = "<group>"; };
		84D00A922040CEAC00069A85 /* BorderButton.swift */ = {isa = PBXFileReference; lastKnownFileType = sourcecode.swift; path = BorderButton.swift; sourceTree = "<group>"; };
/* End PBXFileReference section */

/* Begin PBXFrameworksBuildPhase section */
		84D00A792040BC9D00069A85 /* Frameworks */ = {
			isa = PBXFrameworksBuildPhase;
			buildActionMask = 2147483647;
			files = (
			);
			runOnlyForDeploymentPostprocessing = 0;
		};
/* End PBXFrameworksBuildPhase section */

/* Begin PBXGroup section */
		84D00A732040BC9D00069A85 = {
			isa = PBXGroup;
			children = (
				84D00A7E2040BC9D00069A85 /* swooshbytamit */,
				84D00A7D2040BC9D00069A85 /* Products */,
			);
			sourceTree = "<group>";
		};
		84D00A7D2040BC9D00069A85 /* Products */ = {
			isa = PBXGroup;
			children = (
				84D00A7C2040BC9D00069A85 /* swooshbytamit.app */,
			);
			name = Products;
			sourceTree = "<group>";
		};
		84D00A7E2040BC9D00069A85 /* swooshbytamit */ = {
			isa = PBXGroup;
			children = (
				84D00A912040CE4E00069A85 /* Views */,
				84D00A7F2040BC9D00069A85 /* AppDelegate.swift */,
				84D00A812040BC9D00069A85 /* ViewController.swift */,
				84D00A832040BC9D00069A85 /* Main.storyboard */,
				84D00A862040BC9D00069A85 /* Assets.xcassets */,
				84D00A882040BC9D00069A85 /* LaunchScreen.storyboard */,
				84D00A8B2040BC9D00069A85 /* Info.plist */,
			);
			path = swooshbytamit;
			sourceTree = "<group>";
		};
		84D00A912040CE4E00069A85 /* Views */ = {
			isa = PBXGroup;
			children = (
				84D00A922040CEAC00069A85 /* BorderButton.swift */,
			);
			path = Views;
			sourceTree = "<group>";
		};
/* End PBXGroup section */

/* Begin PBXNativeTarget section */
		84D00A7B2040BC9D00069A85 /* swooshbytamit */ = {
			isa = PBXNativeTarget;
			buildConfigurationList = 84D00A8E2040BC9D00069A85 /* Build configuration list for PBXNativeTarget "swooshbytamit" */;
			buildPhases = (
				84D00A782040BC9D00069A85 /* Sources */,
				84D00A792040BC9D00069A85 /* Frameworks */,
				84D00A7A2040BC9D00069A85 /* Resources */,
			);
			buildRules = (
			);
			dependencies = (
			);
			name = swooshbytamit;
			productName = swooshbytamit;
			productReference = 84D00A7C2040BC9D00069A85 /* swooshbytamit.app */;
			productType = "com.apple.product-type.application";
		};
/* End PBXNativeTarget section */

/* Begin PBXProject section */
		84D00A742040BC9D00069A85 /* Project object */ = {
			isa = PBXProject;
			attributes = {
				LastSwiftUpdateCheck = 0920;
				LastUpgradeCheck = 0920;
				ORGANIZATIONNAME = "Amit Biswas";
				TargetAttributes = {
					84D00A7B2040BC9D00069A85 = {
						CreatedOnToolsVersion = 9.2;
						ProvisioningStyle = Automatic;
					};
				};
			};
			buildConfigurationList = 84D00A772040BC9D00069A85 /* Build configuration list for PBXProject "swooshbytamit" */;
			compatibilityVersion = "Xcode 8.0";
			developmentRegion = en;
			hasScannedForEncodings = 0;
			knownRegions = (
				en,
				Base,
			);
			mainGroup = 84D00A732040BC9D00069A85;
			productRefGroup = 84D00A7D2040BC9D00069A85 /* Products */;
			projectDirPath = "";
			projectRoot = "";
			targets = (
				84D00A7B2040BC9D00069A85 /* swooshbytamit */,
			);
		};
/* End PBXProject section */

/* Begin PBXResourcesBuildPhase section */
		84D00A7A2040BC9D00069A85 /* Resources */ = {
			isa = PBXResourcesBuildPhase;
			buildActionMask = 2147483647;
			files = (
				84D00A8A2040BC9D00069A85 /* LaunchScreen.storyboard in Resources */,
				84D00A872040BC9D00069A85 /* Assets.xcassets in Resources */,
				84D00A852040BC9D00069A85 /* Main.storyboard in Resources */,
			);
			runOnlyForDeploymentPostprocessing = 0;
		};
/* End PBXResourcesBuildPhase section */

/* Begin PBXSourcesBuildPhase section */
		84D00A782040BC9D00069A85 /* Sources */ = {
			isa = PBXSourcesBuildPhase;
			buildActionMask = 2147483647;
			files = (
				84D00A822040BC9D00069A85 /* ViewController.swift in Sources */,
				84D00A802040BC9D00069A85 /* AppDelegate.swift in Sources */,
				84D00A932040CEAC00069A85 /* BorderButton.swift in Sources */,
			);
			runOnlyForDeploymentPostprocessing = 0;
		};
/* End PBXSourcesBuildPhase section */

/* Begin PBXVariantGroup section */
		84D00A832040BC9D00069A85 /* Main.storyboard */ = {
			isa = PBXVariantGroup;
			children = (
				84D00A842040BC9D00069A85 /* Base */,
			);
			name = Main.storyboard;
			sourceTree = "<group>";
		};
		84D00A882040BC9D00069A85 /* LaunchScreen.storyboard */ = {
			isa = PBXVariantGroup;
			children = (
				84D00A892040BC9D00069A85 /* Base */,
			);
			name = LaunchScreen.storyboard;
			sourceTree = "<group>";
		};
/* End PBXVariantGroup section */

/* Begin XCBuildConfiguration section */
		84D00A8C2040BC9D00069A85 /* Debug */ = {
			isa = XCBuildConfiguration;
			buildSettings = {
				ALWAYS_SEARCH_USER_PATHS = NO;
				CLANG_ANALYZER_NONNULL = YES;
				CLANG_ANALYZER_NUMBER_OBJECT_CONVERSION = YES_AGGRESSIVE;
				CLANG_CXX_LANGUAGE_STANDARD = "gnu++14";
				CLANG_CXX_LIBRARY = "libc++";
				CLANG_ENABLE_MODULES = YES;
				CLANG_ENABLE_OBJC_ARC = YES;
				CLANG_WARN_BLOCK_CAPTURE_AUTORELEASING = YES;
				CLANG_WARN_BOOL_CONVERSION = YES;
				CLANG_WARN_COMMA = YES;
				CLANG_WARN_CONSTANT_CONVERSION = YES;
				CLANG_WARN_DIRECT_OBJC_ISA_USAGE = YES_ERROR;
				CLANG_WARN_DOCUMENTATION_COMMENTS = YES;
				CLANG_WARN_EMPTY_BODY = YES;
				CLANG_WARN_ENUM_CONVERSION = YES;
				CLANG_WARN_INFINITE_RECURSION = YES;
				CLANG_WARN_INT_CONVERSION = YES;
				CLANG_WARN_NON_LITERAL_NULL_CONVERSION = YES;
				CLANG_WARN_OBJC_LITERAL_CONVERSION = YES;
				CLANG_WARN_OBJC_ROOT_CLASS = YES_ERROR;
				CLANG_WARN_RANGE_LOOP_ANALYSIS = YES;
				CLANG_WARN_STRICT_PROTOTYPES = YES;
				CLANG_WARN_SUSPICIOUS_MOVE = YES;
				CLANG_WARN_UNGUARDED_AVAILABILITY = YES_AGGRESSIVE;
				CLANG_WARN_UNREACHABLE_CODE = YES;
				CLANG_WARN__DUPLICATE_METHOD_MATCH = YES;
				CODE_SIGN_IDENTITY = "iPhone Developer";
				COPY_PHASE_STRIP = NO;
				DEBUG_INFORMATION_FORMAT = dwarf;
				ENABLE_STRICT_OBJC_MSGSEND = YES;
				ENABLE_TESTABILITY = YES;
				GCC_C_LANGUAGE_STANDARD = gnu11;
				GCC_DYNAMIC_NO_PIC = NO;
				GCC_NO_COMMON_BLOCKS = YES;
				GCC_OPTIMIZATION_LEVEL = 0;
				GCC_PREPROCESSOR_DEFINITIONS = (
					"DEBUG=1",
					"$(inherited)",
				);
				GCC_WARN_64_TO_32_BIT_CONVERSION = YES;
				GCC_WARN_ABOUT_RETURN_TYPE = YES_ERROR;
				GCC_WARN_UNDECLARED_SELECTOR = YES;
				GCC_WARN_UNINITIALIZED_AUTOS = YES_AGGRESSIVE;
				GCC_WARN_UNUSED_FUNCTION = YES;
				GCC_WARN_UNUSED_VARIABLE = YES;
				IPHONEOS_DEPLOYMENT_TARGET = 11.2;
				MTL_ENABLE_DEBUG_INFO = YES;
				ONLY_ACTIVE_ARCH = YES;
				SDKROOT = iphoneos;
				SWIFT_ACTIVE_COMPILATION_CONDITIONS = DEBUG;
				SWIFT_OPTIMIZATION_LEVEL = "-Onone";
			};
			name = Debug;
		};
		84D00A8D2040BC9D00069A85 /* Release */ = {
			isa = XCBuildConfiguration;
			buildSettings = {
				ALWAYS_SEARCH_USER_PATHS = NO;
				CLANG_ANALYZER_NONNULL = YES;
				CLANG_ANALYZER_NUMBER_OBJECT_CONVERSION = YES_AGGRESSIVE;
				CLANG_CXX_LANGUAGE_STANDARD = "gnu++14";
				CLANG_CXX_LIBRARY = "libc++";
				CLANG_ENABLE_MODULES = YES;
				CLANG_ENABLE_OBJC_ARC = YES;
				CLANG_WARN_BLOCK_CAPTURE_AUTORELEASING = YES;
				CLANG_WARN_BOOL_CONVERSION = YES;
				CLANG_WARN_COMMA = YES;
				CLANG_WARN_CONSTANT_CONVERSION = YES;
				CLANG_WARN_DIRECT_OBJC_ISA_USAGE = YES_ERROR;
				CLANG_WARN_DOCUMENTATION_COMMENTS = YES;
				CLANG_WARN_EMPTY_BODY = YES;
				CLANG_WARN_ENUM_CONVERSION = YES;
				CLANG_WARN_INFINITE_RECURSION = YES;
				CLANG_WARN_INT_CONVERSION = YES;
				CLANG_WARN_NON_LITERAL_NULL_CONVERSION = YES;
				CLANG_WARN_OBJC_LITERAL_CONVERSION = YES;
				CLANG_WARN_OBJC_ROOT_CLASS = YES_ERROR;
				CLANG_WARN_RANGE_LOOP_ANALYSIS = YES;
				CLANG_WARN_STRICT_PROTOTYPES = YES;
				CLANG_WARN_SUSPICIOUS_MOVE = YES;
				CLANG_WARN_UNGUARDED_AVAILABILITY = YES_AGGRESSIVE;
				CLANG_WARN_UNREACHABLE_CODE = YES;
				CLANG_WARN__DUPLICATE_METHOD_MATCH = YES;
				CODE_SIGN_IDENTITY = "iPhone Developer";
				COPY_PHASE_STRIP = NO;
				DEBUG_INFORMATION_FORMAT = "dwarf-with-dsym";
				ENABLE_NS_ASSERTIONS = NO;
				ENABLE_STRICT_OBJC_MSGSEND = YES;
				GCC_C_LANGUAGE_STANDARD = gnu11;
				GCC_NO_COMMON_BLOCKS = YES;
				GCC_WARN_64_TO_32_BIT_CONVERSION = YES;
				GCC_WARN_ABOUT_RETURN_TYPE = YES_ERROR;
				GCC_WARN_UNDECLARED_SELECTOR = YES;
				GCC_WARN_UNINITIALIZED_AUTOS = YES_AGGRESSIVE;
				GCC_WARN_UNUSED_FUNCTION = YES;
				GCC_WARN_UNUSED_VARIABLE = YES;
				IPHONEOS_DEPLOYMENT_TARGET = 11.2;
				MTL_ENABLE_DEBUG_INFO = NO;
				SDKROOT = iphoneos;
				SWIFT_OPTIMIZATION_LEVEL = "-Owholemodule";
				VALIDATE_PRODUCT = YES;
			};
			name = Release;
		};
		84D00A8F2040BC9D00069A85 /* Debug */ = {
			isa = XCBuildConfiguration;
			buildSettings = {
				ASSETCATALOG_COMPILER_APPICON_NAME = AppIcon;
				CODE_SIGN_STYLE = Automatic;
				DEVELOPMENT_TEAM = S7PY4FGBSY;
				INFOPLIST_FILE = swooshbytamit/Info.plist;
				LD_RUNPATH_SEARCH_PATHS = "$(inherited) @executable_path/Frameworks";
				PRODUCT_BUNDLE_IDENTIFIER = com.amitbiswas.swooshbytamit;
				PRODUCT_NAME = "$(TARGET_NAME)";
				SWIFT_VERSION = 4.0;
				TARGETED_DEVICE_FAMILY = "1,2";
			};
			name = Debug;
		};
		84D00A902040BC9D00069A85 /* Release */ = {
			isa = XCBuildConfiguration;
			buildSettings = {
				ASSETCATALOG_COMPILER_APPICON_NAME = AppIcon;
				CODE_SIGN_STYLE = Automatic;
				DEVELOPMENT_TEAM = S7PY4FGBSY;
				INFOPLIST_FILE = swooshbytamit/Info.plist;
				LD_RUNPATH_SEARCH_PATHS = "$(inherited) @executable_path/Frameworks";
				PRODUCT_BUNDLE_IDENTIFIER = com.amitbiswas.swooshbytamit;
				PRODUCT_NAME = "$(TARGET_NAME)";
				SWIFT_VERSION = 4.0;
				TARGETED_DEVICE_FAMILY = "1,2";
			};
			name = Release;
		};
/* End XCBuildConfiguration section */

/* Begin XCConfigurationList section */
		84D00A772040BC9D00069A85 /* Build configuration list for PBXProject "swooshbytamit" */ = {
			isa = XCConfigurationList;
			buildConfigurations = (
				84D00A8C2040BC9D00069A85 /* Debug */,
				84D00A8D2040BC9D00069A85 /* Release */,
			);
			defaultConfigurationIsVisible = 0;
			defaultConfigurationName = Release;
		};
		84D00A8E2040BC9D00069A85 /* Build configuration list for PBXNativeTarget "swooshbytamit" */ = {
			isa = XCConfigurationList;
			buildConfigurations = (
				84D00A8F2040BC9D00069A85 /* Debug */,
				84D00A902040BC9D00069A85 /* Release */,
			);
			defaultConfigurationIsVisible = 0;
			defaultConfigurationName = Release;
		};
/* End XCConfigurationList section */
	};
	rootObject = 84D00A742040BC9D00069A85 /* Project object */;
}
